
Microsoft Visual Studio Solution File, Format Version 12.00
# Visual Studio Version 17
VisualStudioVersion = 17.3.32929.385
MinimumVisualStudioVersion = 10.0.40219.1
Project("{FAE04EC0-301F-11D3-BF4B-00C04F79EFBC}") = "milestone3", "milestone3\milestone3.csproj", "{D9CA0CBB-55E9-4460-8446-6C45060A63B2}"
EndProject
Global
	GlobalSection(SolutionConfigurationPlatforms) = preSolution
		Debug|Any CPU = Debug|Any CPU
		Release|Any CPU = Release|Any CPU
	EndGlobalSection
	GlobalSection(ProjectConfigurationPlatforms) = postSolution
		{D9CA0CBB-55E9-4460-8446-6C45060A63B2}.Debug|Any CPU.ActiveCfg = Debug|Any CPU
		{D9CA0CBB-55E9-4460-8446-6C45060A63B2}.Debug|Any CPU.Build.0 = Debug|Any CPU
		{D9CA0CBB-55E9-4460-8446-6C45060A63B2}.Release|Any CPU.ActiveCfg = Release|Any CPU
		{D9CA0CBB-55E9-4460-8446-6C45060A63B2}.Release|Any CPU.Build.0 = Release|Any CPU
	EndGlobalSection
	GlobalSection(SolutionProperties) = preSolution
		HideSolutionNode = FALSE
	EndGlobalSection
	GlobalSection(ExtensibilityGlobals) = postSolution
		SolutionGuid = {9CCE582B-F4B5-48F6-A562-11E1D7A77C1A}
	EndGlobalSection
EndGlobal
